
Microsoft Visual Studio Solution File, Format Version 12.00
# Visual Studio Version 17
VisualStudioVersion = 17.3.32901.215
MinimumVisualStudioVersion = 10.0.40219.1
Project("{FAE04EC0-301F-11D3-BF4B-00C04F79EFBC}") = "P5_4_1214063", "P5_4_1214063.csproj", "{A6359B27-26F5-490F-AB89-7846226AA426}"
EndProject
Global
	GlobalSection(SolutionConfigurationPlatforms) = preSolution
		Debug|Any CPU = Debug|Any CPU
		Release|Any CPU = Release|Any CPU
	EndGlobalSection
	GlobalSection(ProjectConfigurationPlatforms) = postSolution
		{A6359B27-26F5-490F-AB89-7846226AA426}.Debug|Any CPU.ActiveCfg = Debug|Any CPU
		{A6359B27-26F5-490F-AB89-7846226AA426}.Debug|Any CPU.Build.0 = Debug|Any CPU
		{A6359B27-26F5-490F-AB89-7846226AA426}.Release|Any CPU.ActiveCfg = Release|Any CPU
		{A6359B27-26F5-490F-AB89-7846226AA426}.Release|Any CPU.Build.0 = Release|Any CPU
	EndGlobalSection
	GlobalSection(SolutionProperties) = preSolution
		HideSolutionNode = FALSE
	EndGlobalSection
	GlobalSection(ExtensibilityGlobals) = postSolution
		SolutionGuid = {39B8EF18-8B2C-46B1-AFAE-4FE75302112E}
	EndGlobalSection
EndGlobal
